
Microsoft Visual Studio Solution File, Format Version 12.00
# Visual Studio Version 16
VisualStudioVersion = 16.0.30001.183
MinimumVisualStudioVersion = 10.0.40219.1
Project("{9A19103F-16F7-4668-BE54-9A1E7A4F7556}") = "HelpDeskServer.Server", "BlazorApp1\HelpDeskServer.Server.csproj", "{676DC7D8-DE44-4A6C-BEDF-692AD46E89BE}"
EndProject
Project("{FAE04EC0-301F-11D3-BF4B-00C04F79EFBC}") = "HelpDeskClient.Server", "HelpDeskClient\Server\HelpDeskClient.Server.csproj", "{CC187D5A-AD06-4D55-AF26-3BE595EBFEAC}"
EndProject
Project("{FAE04EC0-301F-11D3-BF4B-00C04F79EFBC}") = "HelpDeskClient.Client", "HelpDeskClient\Client\HelpDeskClient.Client.csproj", "{5E454935-867C-48A8-BA5F-568852E41087}"
EndProject
Project("{FAE04EC0-301F-11D3-BF4B-00C04F79EFBC}") = "HelpDesk.Shared", "HelpDeskClient\Shared\HelpDesk.Shared.csproj", "{6DA79605-515D-4BA1-80B3-B33FE474DAA9}"
EndProject
Global
	GlobalSection(SolutionConfigurationPlatforms) = preSolution
		Debug|Any CPU = Debug|Any CPU
		Release|Any CPU = Release|Any CPU
	EndGlobalSection
	GlobalSection(ProjectConfigurationPlatforms) = postSolution
		{676DC7D8-DE44-4A6C-BEDF-692AD46E89BE}.Debug|Any CPU.ActiveCfg = Debug|Any CPU
		{676DC7D8-DE44-4A6C-BEDF-692AD46E89BE}.Debug|Any CPU.Build.0 = Debug|Any CPU
		{676DC7D8-DE44-4A6C-BEDF-692AD46E89BE}.Release|Any CPU.ActiveCfg = Release|Any CPU
		{676DC7D8-DE44-4A6C-BEDF-692AD46E89BE}.Release|Any CPU.Build.0 = Release|Any CPU
		{CC187D5A-AD06-4D55-AF26-3BE595EBFEAC}.Debug|Any CPU.ActiveCfg = Debug|Any CPU
		{CC187D5A-AD06-4D55-AF26-3BE595EBFEAC}.Debug|Any CPU.Build.0 = Debug|Any CPU
		{CC187D5A-AD06-4D55-AF26-3BE595EBFEAC}.Release|Any CPU.ActiveCfg = Release|Any CPU
		{CC187D5A-AD06-4D55-AF26-3BE595EBFEAC}.Release|Any CPU.Build.0 = Release|Any CPU
		{5E454935-867C-48A8-BA5F-568852E41087}.Debug|Any CPU.ActiveCfg = Debug|Any CPU
		{5E454935-867C-48A8-BA5F-568852E41087}.Debug|Any CPU.Build.0 = Debug|Any CPU
		{5E454935-867C-48A8-BA5F-568852E41087}.Release|Any CPU.ActiveCfg = Release|Any CPU
		{5E454935-867C-48A8-BA5F-568852E41087}.Release|Any CPU.Build.0 = Release|Any CPU
		{6DA79605-515D-4BA1-80B3-B33FE474DAA9}.Debug|Any CPU.ActiveCfg = Debug|Any CPU
		{6DA79605-515D-4BA1-80B3-B33FE474DAA9}.Debug|Any CPU.Build.0 = Debug|Any CPU
		{6DA79605-515D-4BA1-80B3-B33FE474DAA9}.Release|Any CPU.ActiveCfg = Release|Any CPU
		{6DA79605-515D-4BA1-80B3-B33FE474DAA9}.Release|Any CPU.Build.0 = Release|Any CPU
	EndGlobalSection
	GlobalSection(SolutionProperties) = preSolution
		HideSolutionNode = FALSE
	EndGlobalSection
	GlobalSection(ExtensibilityGlobals) = postSolution
		SolutionGuid = {FB7092FC-C7A1-45FF-95A4-6ED45B262860}
	EndGlobalSection
EndGlobal
